
Microsoft Visual Studio Solution File, Format Version 12.00
# Visual Studio Version 17
VisualStudioVersion = 17.11.35303.130
MinimumVisualStudioVersion = 10.0.40219.1
Project("{FAE04EC0-301F-11D3-BF4B-00C04F79EFBC}") = "That Sky App", "That Sky App\That Sky App.csproj", "{B961B9D6-490A-4EF9-ADF3-3DB4132FE997}"
EndProject
Global
	GlobalSection(SolutionConfigurationPlatforms) = preSolution
		Debug|Any CPU = Debug|Any CPU
		Release|Any CPU = Release|Any CPU
	EndGlobalSection
	GlobalSection(ProjectConfigurationPlatforms) = postSolution
		{B961B9D6-490A-4EF9-ADF3-3DB4132FE997}.Debug|Any CPU.ActiveCfg = Debug|Any CPU
		{B961B9D6-490A-4EF9-ADF3-3DB4132FE997}.Debug|Any CPU.Build.0 = Debug|Any CPU
		{B961B9D6-490A-4EF9-ADF3-3DB4132FE997}.Release|Any CPU.ActiveCfg = Release|Any CPU
		{B961B9D6-490A-4EF9-ADF3-3DB4132FE997}.Release|Any CPU.Build.0 = Release|Any CPU
	EndGlobalSection
	GlobalSection(SolutionProperties) = preSolution
		HideSolutionNode = FALSE
	EndGlobalSection
	GlobalSection(ExtensibilityGlobals) = postSolution
		SolutionGuid = {75912C34-9C04-4686-9C94-CD292FEB1EE9}
	EndGlobalSection
EndGlobal
